
Microsoft Visual Studio Solution File, Format Version 12.00
# Visual Studio Version 17
VisualStudioVersion = 17.0.32112.339
MinimumVisualStudioVersion = 10.0.40219.1
Project("{9A19103F-16F7-4668-BE54-9A1E7A4F7556}") = "Mariana.WinApp", "Mariana.WinApp\Mariana.WinApp.csproj", "{0B36EBB6-65A5-49D8-B8F0-DBD75D23D4BD}"
EndProject
Project("{2150E333-8FDC-42A3-9474-1A3956D46DE8}") = "Apresentação", "Apresentação", "{A6D5B0B4-5DA3-41E9-B5B9-27BCA2A20BAD}"
EndProject
Project("{2150E333-8FDC-42A3-9474-1A3956D46DE8}") = "Dominio", "Dominio", "{95F47EAB-1B60-4128-88D3-BB61331B515C}"
EndProject
Project("{2150E333-8FDC-42A3-9474-1A3956D46DE8}") = "Infra", "Infra", "{A6911CCF-7D8D-4AFB-BBFF-B3C274886403}"
EndProject
Project("{9A19103F-16F7-4668-BE54-9A1E7A4F7556}") = "Mariana.Dominio", "Mariana.Dominio\Mariana.Dominio.csproj", "{00D80751-BF9A-440D-B2E1-70C1DAFBB23D}"
EndProject
Project("{9A19103F-16F7-4668-BE54-9A1E7A4F7556}") = "Mariana.Infra.Arquivos", "Mariana.Infra.Arquivos\Mariana.Infra.Arquivos.csproj", "{CBD5034D-926A-484F-8187-2D24FD5D1AE3}"
EndProject
Project("{9A19103F-16F7-4668-BE54-9A1E7A4F7556}") = "Mariana.Infra.BancoDados", "Mariana.Infra.BancoDados\Mariana.Infra.BancoDados.csproj", "{E62376F1-249A-423A-A067-244783C98D77}"
EndProject
Project("{00D1A9C2-B5F0-4AF3-8072-F6C62B433612}") = "Bd.projeto.BancoDeDados", "Bd.projeto.BancoDeDados\Bd.projeto.BancoDeDados.sqlproj", "{2F60CC42-F73F-4669-89B1-F0EA2B985962}"
EndProject
Global
	GlobalSection(SolutionConfigurationPlatforms) = preSolution
		Debug|Any CPU = Debug|Any CPU
		Release|Any CPU = Release|Any CPU
	EndGlobalSection
	GlobalSection(ProjectConfigurationPlatforms) = postSolution
		{0B36EBB6-65A5-49D8-B8F0-DBD75D23D4BD}.Debug|Any CPU.ActiveCfg = Debug|Any CPU
		{0B36EBB6-65A5-49D8-B8F0-DBD75D23D4BD}.Debug|Any CPU.Build.0 = Debug|Any CPU
		{0B36EBB6-65A5-49D8-B8F0-DBD75D23D4BD}.Release|Any CPU.ActiveCfg = Release|Any CPU
		{0B36EBB6-65A5-49D8-B8F0-DBD75D23D4BD}.Release|Any CPU.Build.0 = Release|Any CPU
		{00D80751-BF9A-440D-B2E1-70C1DAFBB23D}.Debug|Any CPU.ActiveCfg = Debug|Any CPU
		{00D80751-BF9A-440D-B2E1-70C1DAFBB23D}.Debug|Any CPU.Build.0 = Debug|Any CPU
		{00D80751-BF9A-440D-B2E1-70C1DAFBB23D}.Release|Any CPU.ActiveCfg = Release|Any CPU
		{00D80751-BF9A-440D-B2E1-70C1DAFBB23D}.Release|Any CPU.Build.0 = Release|Any CPU
		{CBD5034D-926A-484F-8187-2D24FD5D1AE3}.Debug|Any CPU.ActiveCfg = Debug|Any CPU
		{CBD5034D-926A-484F-8187-2D24FD5D1AE3}.Debug|Any CPU.Build.0 = Debug|Any CPU
		{CBD5034D-926A-484F-8187-2D24FD5D1AE3}.Release|Any CPU.ActiveCfg = Release|Any CPU
		{CBD5034D-926A-484F-8187-2D24FD5D1AE3}.Release|Any CPU.Build.0 = Release|Any CPU
		{E62376F1-249A-423A-A067-244783C98D77}.Debug|Any CPU.ActiveCfg = Debug|Any CPU
		{E62376F1-249A-423A-A067-244783C98D77}.Debug|Any CPU.Build.0 = Debug|Any CPU
		{E62376F1-249A-423A-A067-244783C98D77}.Release|Any CPU.ActiveCfg = Release|Any CPU
		{E62376F1-249A-423A-A067-244783C98D77}.Release|Any CPU.Build.0 = Release|Any CPU
		{2F60CC42-F73F-4669-89B1-F0EA2B985962}.Debug|Any CPU.ActiveCfg = Debug|Any CPU
		{2F60CC42-F73F-4669-89B1-F0EA2B985962}.Debug|Any CPU.Build.0 = Debug|Any CPU
		{2F60CC42-F73F-4669-89B1-F0EA2B985962}.Debug|Any CPU.Deploy.0 = Debug|Any CPU
		{2F60CC42-F73F-4669-89B1-F0EA2B985962}.Release|Any CPU.ActiveCfg = Release|Any CPU
		{2F60CC42-F73F-4669-89B1-F0EA2B985962}.Release|Any CPU.Build.0 = Release|Any CPU
		{2F60CC42-F73F-4669-89B1-F0EA2B985962}.Release|Any CPU.Deploy.0 = Release|Any CPU
	EndGlobalSection
	GlobalSection(SolutionProperties) = preSolution
		HideSolutionNode = FALSE
	EndGlobalSection
	GlobalSection(NestedProjects) = preSolution
		{0B36EBB6-65A5-49D8-B8F0-DBD75D23D4BD} = {A6D5B0B4-5DA3-41E9-B5B9-27BCA2A20BAD}
		{00D80751-BF9A-440D-B2E1-70C1DAFBB23D} = {95F47EAB-1B60-4128-88D3-BB61331B515C}
		{CBD5034D-926A-484F-8187-2D24FD5D1AE3} = {A6911CCF-7D8D-4AFB-BBFF-B3C274886403}
		{E62376F1-249A-423A-A067-244783C98D77} = {A6911CCF-7D8D-4AFB-BBFF-B3C274886403}
	EndGlobalSection
	GlobalSection(ExtensibilityGlobals) = postSolution
		SolutionGuid = {C39AAB1D-F9C0-4E6E-AEFE-794A5E27F2E1}
	EndGlobalSection
EndGlobal
